{
  "name": "absuite-core",
  "version": "1.0.0",
  "lockfileVersion": 3,
  "requires": true,
  "packages": {
    "": {
      "name": "absuite-core",
      "version": "1.0.0",
      "license": "MIT",
      "workspaces": [
        "packages/*"
      ],
      "bin": {
        "absuite-core": "dist/cli.js"
      }
    }
  }
}
